// !$*UTF8*$!
{
	archiveVersion = 1;
	classes = {
	};
	objectVersion = 52;
	objects = {

/* Begin PBXBuildFile section */
		35A9E127B25DA8EB4DB8BE75 /* SceneDelegate.swift in Sources */ = {isa = PBXBuildFile; fileRef = 35A9E775C61C9C2687878AF4 /* SceneDelegate.swift */; };
		35A9E71B0ACF05EB8ED89F2F /* AppDelegate.swift in Sources */ = {isa = PBXBuildFile; fileRef = 35A9EC15CBFC6521F22105B8 /* AppDelegate.swift */; };
		35A9ED167BD5EF28E44F0DF5 /* Assets.xcassets in Resources */ = {isa = PBXBuildFile; fileRef = 35A9EB3DA8C91EC6F80ED4BD /* Assets.xcassets */; };
		35A9EE5AD2D4F2CE6B351EF2 /* PhotosViewController.swift in Sources */ = {isa = PBXBuildFile; fileRef = 35A9EBA423331C16E4C37E26 /* PhotosViewController.swift */; };
		8405837F235195D800BECBB7 /* UICollectionViewCell+reuseId.swift in Sources */ = {isa = PBXBuildFile; fileRef = 8405837E235195D800BECBB7 /* UICollectionViewCell+reuseId.swift */; };
		84058382235196B200BECBB7 /* PreviewCollectionViewCell.swift in Sources */ = {isa = PBXBuildFile; fileRef = 84058380235196B200BECBB7 /* PreviewCollectionViewCell.swift */; };
		840583852351991700BECBB7 /* ThumbnailFlowLayout.swift in Sources */ = {isa = PBXBuildFile; fileRef = 840583842351991700BECBB7 /* ThumbnailFlowLayout.swift */; };
		845A0F252353A166006D36F8 /* ParallaxLayoutAttributes.swift in Sources */ = {isa = PBXBuildFile; fileRef = 845A0F242353A166006D36F8 /* ParallaxLayoutAttributes.swift */; };
		84E27EF92350D8AE0021A067 /* Data in Resources */ = {isa = PBXBuildFile; fileRef = 84E27EF82350D8AE0021A067 /* Data */; };
		84E27EFD2351943A0021A067 /* ThumbnailCollectionViewCell.swift in Sources */ = {isa = PBXBuildFile; fileRef = 84E27EFB2351943A0021A067 /* ThumbnailCollectionViewCell.swift */; };
		84E7CF3923519B4500ED729A /* CellWithImage.swift in Sources */ = {isa = PBXBuildFile; fileRef = 84E7CF3823519B4500ED729A /* CellWithImage.swift */; };
		84E7CF3B23535C8100ED729A /* PreviewFlowLayout.swift in Sources */ = {isa = PBXBuildFile; fileRef = 84E7CF3A23535C8100ED729A /* PreviewFlowLayout.swift */; };
		84E7CF3D23537B7B00ED729A /* SnapView.swift in Sources */ = {isa = PBXBuildFile; fileRef = 84E7CF3C23537B7B00ED729A /* SnapView.swift */; };
		84E7CF3F2353826300ED729A /* PhotosView.swift in Sources */ = {isa = PBXBuildFile; fileRef = 84E7CF3E2353826300ED729A /* PhotosView.swift */; };
		84E7CF41235382A500ED729A /* PhotosDataSource.swift in Sources */ = {isa = PBXBuildFile; fileRef = 84E7CF40235382A500ED729A /* PhotosDataSource.swift */; };
		84E7CF472353851100ED729A /* SnapKit in Frameworks */ = {isa = PBXBuildFile; productRef = 84E7CF462353851100ED729A /* SnapKit */; };
/* End PBXBuildFile section */

/* Begin PBXFileReference section */
		35A9E1660A93612319C8E819 /* Info.plist */ = {isa = PBXFileReference; lastKnownFileType = text.plist.xml; path = Info.plist; sourceTree = "<group>"; };
		35A9E279E7439A92C930C6EA /* PhotosApp.app */ = {isa = PBXFileReference; explicitFileType = wrapper.application; includeInIndex = 0; path = PhotosApp.app; sourceTree = BUILT_PRODUCTS_DIR; };
		35A9E775C61C9C2687878AF4 /* SceneDelegate.swift */ = {isa = PBXFileReference; lastKnownFileType = sourcecode.swift; path = SceneDelegate.swift; sourceTree = "<group>"; };
		35A9EB3DA8C91EC6F80ED4BD /* Assets.xcassets */ = {isa = PBXFileReference; lastKnownFileType = folder.assetcatalog; path = Assets.xcassets; sourceTree = "<group>"; };
		35A9EBA423331C16E4C37E26 /* PhotosViewController.swift */ = {isa = PBXFileReference; lastKnownFileType = sourcecode.swift; path = PhotosViewController.swift; sourceTree = "<group>"; };
		35A9EC15CBFC6521F22105B8 /* AppDelegate.swift */ = {isa = PBXFileReference; lastKnownFileType = sourcecode.swift; path = AppDelegate.swift; sourceTree = "<group>"; };
		8405837E235195D800BECBB7 /* UICollectionViewCell+reuseId.swift */ = {isa = PBXFileReference; lastKnownFileType = sourcecode.swift; path = "UICollectionViewCell+reuseId.swift"; sourceTree = "<group>"; };
		84058380235196B200BECBB7 /* PreviewCollectionViewCell.swift */ = {isa = PBXFileReference; lastKnownFileType = sourcecode.swift; path = PreviewCollectionViewCell.swift; sourceTree = "<group>"; };
		840583842351991700BECBB7 /* ThumbnailFlowLayout.swift */ = {isa = PBXFileReference; lastKnownFileType = sourcecode.swift; path = ThumbnailFlowLayout.swift; sourceTree = "<group>"; };
		845A0F242353A166006D36F8 /* ParallaxLayoutAttributes.swift */ = {isa = PBXFileReference; lastKnownFileType = sourcecode.swift; path = ParallaxLayoutAttributes.swift; sourceTree = "<group>"; };
		84E27EF82350D8AE0021A067 /* Data */ = {isa = PBXFileReference; lastKnownFileType = folder; path = Data; sourceTree = "<group>"; };
		84E27EFB2351943A0021A067 /* ThumbnailCollectionViewCell.swift */ = {isa = PBXFileReference; lastKnownFileType = sourcecode.swift; path = ThumbnailCollectionViewCell.swift; sourceTree = "<group>"; };
		84E7CF3823519B4500ED729A /* CellWithImage.swift */ = {isa = PBXFileReference; lastKnownFileType = sourcecode.swift; path = CellWithImage.swift; sourceTree = "<group>"; };
		84E7CF3A23535C8100ED729A /* PreviewFlowLayout.swift */ = {isa = PBXFileReference; lastKnownFileType = sourcecode.swift; path = PreviewFlowLayout.swift; sourceTree = "<group>"; };
		84E7CF3C23537B7B00ED729A /* SnapView.swift */ = {isa = PBXFileReference; lastKnownFileType = sourcecode.swift; path = SnapView.swift; sourceTree = "<group>"; };
		84E7CF3E2353826300ED729A /* PhotosView.swift */ = {isa = PBXFileReference; lastKnownFileType = sourcecode.swift; path = PhotosView.swift; sourceTree = "<group>"; };
		84E7CF40235382A500ED729A /* PhotosDataSource.swift */ = {isa = PBXFileReference; lastKnownFileType = sourcecode.swift; path = PhotosDataSource.swift; sourceTree = "<group>"; };
/* End PBXFileReference section */

/* Begin PBXFrameworksBuildPhase section */
		35A9EE63C1318049BD9E9400 /* Frameworks */ = {
			isa = PBXFrameworksBuildPhase;
			buildActionMask = 2147483647;
			files = (
				84E7CF472353851100ED729A /* SnapKit in Frameworks */,
			);
			runOnlyForDeploymentPostprocessing = 0;
		};
/* End PBXFrameworksBuildPhase section */

/* Begin PBXGroup section */
		35A9E58AD6A40F235487C188 = {
			isa = PBXGroup;
			children = (
				35A9EADA8002A5FF4C2FABF4 /* PhotosApp */,
				35A9ECFFB0E4198F59016042 /* Products */,
			);
			sourceTree = "<group>";
		};
		35A9EADA8002A5FF4C2FABF4 /* PhotosApp */ = {
			isa = PBXGroup;
			children = (
				84E7CF48235385FB00ED729A /* Single Photo Preview */,
				84E27EF82350D8AE0021A067 /* Data */,
				84F18ED92350D35A00037418 /* Resources */,
				84E7CF3C23537B7B00ED729A /* SnapView.swift */,
				8405837E235195D800BECBB7 /* UICollectionViewCell+reuseId.swift */,
				35A9EC15CBFC6521F22105B8 /* AppDelegate.swift */,
				35A9E775C61C9C2687878AF4 /* SceneDelegate.swift */,
			);
			path = PhotosApp;
			sourceTree = "<group>";
		};
		35A9ECFFB0E4198F59016042 /* Products */ = {
			isa = PBXGroup;
			children = (
				35A9E279E7439A92C930C6EA /* PhotosApp.app */,
			);
			name = Products;
			sourceTree = "<group>";
		};
		840583862351991D00BECBB7 /* Layout */ = {
			isa = PBXGroup;
			children = (
				840583842351991700BECBB7 /* ThumbnailFlowLayout.swift */,
				84E7CF3A23535C8100ED729A /* PreviewFlowLayout.swift */,
				845A0F242353A166006D36F8 /* ParallaxLayoutAttributes.swift */,
			);
			path = Layout;
			sourceTree = "<group>";
		};
		84E27EFA235193FA0021A067 /* Cells */ = {
			isa = PBXGroup;
			children = (
				84E27EFB2351943A0021A067 /* ThumbnailCollectionViewCell.swift */,
				84058380235196B200BECBB7 /* PreviewCollectionViewCell.swift */,
				84E7CF3823519B4500ED729A /* CellWithImage.swift */,
			);
			path = Cells;
			sourceTree = "<group>";
		};
		84E7CF48235385FB00ED729A /* Single Photo Preview */ = {
			isa = PBXGroup;
			children = (
				84E7CF3E2353826300ED729A /* PhotosView.swift */,
				84E7CF40235382A500ED729A /* PhotosDataSource.swift */,
				35A9EBA423331C16E4C37E26 /* PhotosViewController.swift */,
				84E27EFA235193FA0021A067 /* Cells */,
				840583862351991D00BECBB7 /* Layout */,
			);
			path = "Single Photo Preview";
			sourceTree = "<group>";
		};
		84F18ED92350D35A00037418 /* Resources */ = {
			isa = PBXGroup;
			children = (
				35A9E1660A93612319C8E819 /* Info.plist */,
				35A9EB3DA8C91EC6F80ED4BD /* Assets.xcassets */,
			);
			path = Resources;
			sourceTree = "<group>";
		};
/* End PBXGroup section */

/* Begin PBXNativeTarget section */
		35A9E1734EE52F31A2CA863B /* PhotosApp */ = {
			isa = PBXNativeTarget;
			buildConfigurationList = 35A9E3AFBB7BAC4AA7F70AB6 /* Build configuration list for PBXNativeTarget "PhotosApp" */;
			buildPhases = (
				35A9E29EA23D6CEC7FCFF2BB /* Sources */,
				35A9EE63C1318049BD9E9400 /* Frameworks */,
				35A9E6E3D79145F91FF7C13E /* Resources */,
			);
			buildRules = (
			);
			dependencies = (
			);
			name = PhotosApp;
			packageProductDependencies = (
				84E7CF462353851100ED729A /* SnapKit */,
			);
			productName = PhotosApp;
			productReference = 35A9E279E7439A92C930C6EA /* PhotosApp.app */;
			productType = "com.apple.product-type.application";
		};
/* End PBXNativeTarget section */

/* Begin PBXProject section */
		35A9E7F9C8D180FB51BE7134 /* Project object */ = {
			isa = PBXProject;
			attributes = {
				ORGANIZATIONNAME = "___FULLUSERNAME___";
				TargetAttributes = {
					35A9E1734EE52F31A2CA863B = {
						DevelopmentTeam = 2833TJF677;
					};
				};
			};
			buildConfigurationList = 35A9E2B563174B8A2D0D01CB /* Build configuration list for PBXProject "PhotosApp" */;
			compatibilityVersion = "Xcode 3.2";
			developmentRegion = English;
			hasScannedForEncodings = 0;
			knownRegions = (
				English,
				en,
				Base,
			);
			mainGroup = 35A9E58AD6A40F235487C188;
			packageReferences = (
				84E7CF452353851100ED729A /* XCRemoteSwiftPackageReference "SnapKit" */,
			);
			productRefGroup = 35A9ECFFB0E4198F59016042 /* Products */;
			projectDirPath = "";
			projectRoot = "";
			targets = (
				35A9E1734EE52F31A2CA863B /* PhotosApp */,
			);
		};
/* End PBXProject section */

/* Begin PBXResourcesBuildPhase section */
		35A9E6E3D79145F91FF7C13E /* Resources */ = {
			isa = PBXResourcesBuildPhase;
			buildActionMask = 2147483647;
			files = (
				35A9ED167BD5EF28E44F0DF5 /* Assets.xcassets in Resources */,
				84E27EF92350D8AE0021A067 /* Data in Resources */,
			);
			runOnlyForDeploymentPostprocessing = 0;
		};
/* End PBXResourcesBuildPhase section */

/* Begin PBXSourcesBuildPhase section */
		35A9E29EA23D6CEC7FCFF2BB /* Sources */ = {
			isa = PBXSourcesBuildPhase;
			buildActionMask = 2147483647;
			files = (
				84E7CF3D23537B7B00ED729A /* SnapView.swift in Sources */,
				35A9E71B0ACF05EB8ED89F2F /* AppDelegate.swift in Sources */,
				35A9E127B25DA8EB4DB8BE75 /* SceneDelegate.swift in Sources */,
				845A0F252353A166006D36F8 /* ParallaxLayoutAttributes.swift in Sources */,
				840583852351991700BECBB7 /* ThumbnailFlowLayout.swift in Sources */,
				84E7CF3F2353826300ED729A /* PhotosView.swift in Sources */,
				84E7CF41235382A500ED729A /* PhotosDataSource.swift in Sources */,
				84E27EFD2351943A0021A067 /* ThumbnailCollectionViewCell.swift in Sources */,
				84058382235196B200BECBB7 /* PreviewCollectionViewCell.swift in Sources */,
				84E7CF3923519B4500ED729A /* CellWithImage.swift in Sources */,
				8405837F235195D800BECBB7 /* UICollectionViewCell+reuseId.swift in Sources */,
				84E7CF3B23535C8100ED729A /* PreviewFlowLayout.swift in Sources */,
				35A9EE5AD2D4F2CE6B351EF2 /* PhotosViewController.swift in Sources */,
			);
			runOnlyForDeploymentPostprocessing = 0;
		};
/* End PBXSourcesBuildPhase section */

/* Begin XCBuildConfiguration section */
		35A9E01D7167368DB3F133E2 /* Debug */ = {
			isa = XCBuildConfiguration;
			buildSettings = {
				ASSETCATALOG_COMPILER_APPICON_NAME = AppIcon;
				DEVELOPMENT_TEAM = 2833TJF677;
				INFOPLIST_FILE = "$(SRCROOT)/PhotosApp/Resources/Info.plist";
				LD_RUNPATH_SEARCH_PATHS = (
					"$(inherited)",
					"@executable_path/Frameworks",
				);
				PRODUCT_BUNDLE_IDENTIFIER = com.rzmn.PhotosApp;
				PRODUCT_NAME = "$(TARGET_NAME)";
				SWIFT_VERSION = 5.0;
				TARGETED_DEVICE_FAMILY = "1,2";
			};
			name = Debug;
		};
		35A9E13910CBC29C6AE87EFA /* Release */ = {
			isa = XCBuildConfiguration;
			buildSettings = {
				ALWAYS_SEARCH_USER_PATHS = NO;
				CLANG_ANALYZER_NONNULL = YES;
				CLANG_ANALYZER_NUMBER_OBJECT_CONVERSION = YES_AGGRESSIVE;
				CLANG_CXX_LANGUAGE_STANDARD = "gnu++14";
				CLANG_CXX_LIBRARY = "libc++";
				CLANG_ENABLE_MODULES = YES;
				CLANG_ENABLE_OBJC_ARC = YES;
				CLANG_ENABLE_OBJC_WEAK = YES;
				CLANG_WARN_BLOCK_CAPTURE_AUTORELEASING = YES;
				CLANG_WARN_BOOL_CONVERSION = YES;
				CLANG_WARN_COMMA = YES;
				CLANG_WARN_CONSTANT_CONVERSION = YES;
				CLANG_WARN_DEPRECATED_OBJC_IMPLEMENTATIONS = YES;
				CLANG_WARN_DIRECT_OBJC_ISA_USAGE = YES_ERROR;
				CLANG_WARN_DOCUMENTATION_COMMENTS = YES;
				CLANG_WARN_EMPTY_BODY = YES;
				CLANG_WARN_ENUM_CONVERSION = YES;
				CLANG_WARN_INFINITE_RECURSION = YES;
				CLANG_WARN_INT_CONVERSION = YES;
				CLANG_WARN_NON_LITERAL_NULL_CONVERSION = YES;
				CLANG_WARN_OBJC_IMPLICIT_RETAIN_SELF = YES;
				CLANG_WARN_OBJC_LITERAL_CONVERSION = YES;
				CLANG_WARN_OBJC_ROOT_CLASS = YES_ERROR;
				CLANG_WARN_RANGE_LOOP_ANALYSIS = YES;
				CLANG_WARN_STRICT_PROTOTYPES = YES;
				CLANG_WARN_SUSPICIOUS_MOVE = YES;
				CLANG_WARN_UNGUARDED_AVAILABILITY = YES_AGGRESSIVE;
				CLANG_WARN_UNREACHABLE_CODE = YES;
				CLANG_WARN__DUPLICATE_METHOD_MATCH = YES;
				COPY_PHASE_STRIP = NO;
				DEBUG_INFORMATION_FORMAT = "dwarf-with-dsym";
				ENABLE_NS_ASSERTIONS = NO;
				ENABLE_STRICT_OBJC_MSGSEND = YES;
				GCC_C_LANGUAGE_STANDARD = gnu11;
				GCC_NO_COMMON_BLOCKS = YES;
				GCC_WARN_64_TO_32_BIT_CONVERSION = YES;
				GCC_WARN_ABOUT_RETURN_TYPE = YES_ERROR;
				GCC_WARN_UNDECLARED_SELECTOR = YES;
				GCC_WARN_UNINITIALIZED_AUTOS = YES_AGGRESSIVE;
				GCC_WARN_UNUSED_FUNCTION = YES;
				GCC_WARN_UNUSED_VARIABLE = YES;
				IPHONEOS_DEPLOYMENT_TARGET = 13.0;
				MTL_ENABLE_DEBUG_INFO = NO;
				MTL_FAST_MATH = YES;
				SDKROOT = iphoneos;
				SWIFT_COMPILATION_MODE = wholemodule;
				SWIFT_OPTIMIZATION_LEVEL = "-O";
				VALIDATE_PRODUCT = YES;
			};
			name = Release;
		};
		35A9E2986612271CEC6F8EF0 /* Debug */ = {
			isa = XCBuildConfiguration;
			buildSettings = {
				ALWAYS_SEARCH_USER_PATHS = NO;
				CLANG_ANALYZER_NONNULL = YES;
				CLANG_ANALYZER_NUMBER_OBJECT_CONVERSION = YES_AGGRESSIVE;
				CLANG_CXX_LANGUAGE_STANDARD = "gnu++14";
				CLANG_CXX_LIBRARY = "libc++";
				CLANG_ENABLE_MODULES = YES;
				CLANG_ENABLE_OBJC_ARC = YES;
				CLANG_ENABLE_OBJC_WEAK = YES;
				CLANG_WARN_BLOCK_CAPTURE_AUTORELEASING = YES;
				CLANG_WARN_BOOL_CONVERSION = YES;
				CLANG_WARN_COMMA = YES;
				CLANG_WARN_CONSTANT_CONVERSION = YES;
				CLANG_WARN_DEPRECATED_OBJC_IMPLEMENTATIONS = YES;
				CLANG_WARN_DIRECT_OBJC_ISA_USAGE = YES_ERROR;
				CLANG_WARN_DOCUMENTATION_COMMENTS = YES;
				CLANG_WARN_EMPTY_BODY = YES;
				CLANG_WARN_ENUM_CONVERSION = YES;
				CLANG_WARN_INFINITE_RECURSION = YES;
				CLANG_WARN_INT_CONVERSION = YES;
				CLANG_WARN_NON_LITERAL_NULL_CONVERSION = YES;
				CLANG_WARN_OBJC_IMPLICIT_RETAIN_SELF = YES;
				CLANG_WARN_OBJC_LITERAL_CONVERSION = YES;
				CLANG_WARN_OBJC_ROOT_CLASS = YES_ERROR;
				CLANG_WARN_RANGE_LOOP_ANALYSIS = YES;
				CLANG_WARN_STRICT_PROTOTYPES = YES;
				CLANG_WARN_SUSPICIOUS_MOVE = YES;
				CLANG_WARN_UNGUARDED_AVAILABILITY = YES_AGGRESSIVE;
				CLANG_WARN_UNREACHABLE_CODE = YES;
				CLANG_WARN__DUPLICATE_METHOD_MATCH = YES;
				COPY_PHASE_STRIP = NO;
				DEBUG_INFORMATION_FORMAT = dwarf;
				ENABLE_STRICT_OBJC_MSGSEND = YES;
				ENABLE_TESTABILITY = YES;
				GCC_C_LANGUAGE_STANDARD = gnu11;
				GCC_DYNAMIC_NO_PIC = NO;
				GCC_NO_COMMON_BLOCKS = YES;
				GCC_OPTIMIZATION_LEVEL = 0;
				GCC_PREPROCESSOR_DEFINITIONS = (
					"DEBUG=1",
					"$(inherited)",
				);
				GCC_WARN_64_TO_32_BIT_CONVERSION = YES;
				GCC_WARN_ABOUT_RETURN_TYPE = YES_ERROR;
				GCC_WARN_UNDECLARED_SELECTOR = YES;
				GCC_WARN_UNINITIALIZED_AUTOS = YES_AGGRESSIVE;
				GCC_WARN_UNUSED_FUNCTION = YES;
				GCC_WARN_UNUSED_VARIABLE = YES;
				IPHONEOS_DEPLOYMENT_TARGET = 13.0;
				MTL_ENABLE_DEBUG_INFO = INCLUDE_SOURCE;
				MTL_FAST_MATH = YES;
				ONLY_ACTIVE_ARCH = YES;
				SDKROOT = iphoneos;
				SWIFT_ACTIVE_COMPILATION_CONDITIONS = DEBUG;
				SWIFT_OPTIMIZATION_LEVEL = "-Onone";
			};
			name = Debug;
		};
		35A9EADE9909626FDE992B36 /* Release */ = {
			isa = XCBuildConfiguration;
			buildSettings = {
				ASSETCATALOG_COMPILER_APPICON_NAME = AppIcon;
				DEVELOPMENT_TEAM = 2833TJF677;
				INFOPLIST_FILE = "$(SRCROOT)/PhotosApp/Resources/Info.plist";
				LD_RUNPATH_SEARCH_PATHS = (
					"$(inherited)",
					"@executable_path/Frameworks",
				);
				PRODUCT_BUNDLE_IDENTIFIER = com.rzmn.PhotosApp;
				PRODUCT_NAME = "$(TARGET_NAME)";
				SWIFT_VERSION = 5.0;
				TARGETED_DEVICE_FAMILY = "1,2";
			};
			name = Release;
		};
/* End XCBuildConfiguration section */

/* Begin XCConfigurationList section */
		35A9E2B563174B8A2D0D01CB /* Build configuration list for PBXProject "PhotosApp" */ = {
			isa = XCConfigurationList;
			buildConfigurations = (
				35A9E2986612271CEC6F8EF0 /* Debug */,
				35A9E13910CBC29C6AE87EFA /* Release */,
			);
			defaultConfigurationIsVisible = 0;
			defaultConfigurationName = Release;
		};
		35A9E3AFBB7BAC4AA7F70AB6 /* Build configuration list for PBXNativeTarget "PhotosApp" */ = {
			isa = XCConfigurationList;
			buildConfigurations = (
				35A9E01D7167368DB3F133E2 /* Debug */,
				35A9EADE9909626FDE992B36 /* Release */,
			);
			defaultConfigurationIsVisible = 0;
			defaultConfigurationName = Release;
		};
/* End XCConfigurationList section */

/* Begin XCRemoteSwiftPackageReference section */
		84E7CF452353851100ED729A /* XCRemoteSwiftPackageReference "SnapKit" */ = {
			isa = XCRemoteSwiftPackageReference;
			repositoryURL = "https://github.com/SnapKit/SnapKit";
			requirement = {
				kind = upToNextMajorVersion;
				minimumVersion = 5.0.1;
			};
		};
/* End XCRemoteSwiftPackageReference section */

/* Begin XCSwiftPackageProductDependency section */
		84E7CF462353851100ED729A /* SnapKit */ = {
			isa = XCSwiftPackageProductDependency;
			package = 84E7CF452353851100ED729A /* XCRemoteSwiftPackageReference "SnapKit" */;
			productName = SnapKit;
		};
/* End XCSwiftPackageProductDependency section */
	};
	rootObject = 35A9E7F9C8D180FB51BE7134 /* Project object */;
}
